
Microsoft Visual Studio Solution File, Format Version 12.00
# Visual Studio Version 17
VisualStudioVersion = 17.4.33213.308
MinimumVisualStudioVersion = 10.0.40219.1
Project("{FAE04EC0-301F-11D3-BF4B-00C04F79EFBC}") = "MyApps", "MyApps\MyApps.csproj", "{57BB3DCA-64CF-4AD7-B236-CC4493BDFDB3}"
EndProject
Global
	GlobalSection(SolutionConfigurationPlatforms) = preSolution
		Debug|Any CPU = Debug|Any CPU
		Release|Any CPU = Release|Any CPU
	EndGlobalSection
	GlobalSection(ProjectConfigurationPlatforms) = postSolution
		{57BB3DCA-64CF-4AD7-B236-CC4493BDFDB3}.Debug|Any CPU.ActiveCfg = Debug|Any CPU
		{57BB3DCA-64CF-4AD7-B236-CC4493BDFDB3}.Debug|Any CPU.Build.0 = Debug|Any CPU
		{57BB3DCA-64CF-4AD7-B236-CC4493BDFDB3}.Release|Any CPU.ActiveCfg = Release|Any CPU
		{57BB3DCA-64CF-4AD7-B236-CC4493BDFDB3}.Release|Any CPU.Build.0 = Release|Any CPU
	EndGlobalSection
	GlobalSection(SolutionProperties) = preSolution
		HideSolutionNode = FALSE
	EndGlobalSection
	GlobalSection(ExtensibilityGlobals) = postSolution
		SolutionGuid = {FBB1F308-0624-4F49-939F-D101CADE8C7C}
	EndGlobalSection
EndGlobal
